
Microsoft Visual Studio Solution File, Format Version 12.00
# Visual Studio Version 17
VisualStudioVersion = 17.5.33414.496
MinimumVisualStudioVersion = 10.0.40219.1
Project("{FAE04EC0-301F-11D3-BF4B-00C04F79EFBC}") = "ApiRandomPasswd", "ApiRandomPasswd.csproj", "{FECC62A1-CABB-4A4D-8D1C-5C32699FB3A2}"
EndProject
Global
	GlobalSection(SolutionConfigurationPlatforms) = preSolution
		Debug|Any CPU = Debug|Any CPU
		Release|Any CPU = Release|Any CPU
	EndGlobalSection
	GlobalSection(ProjectConfigurationPlatforms) = postSolution
		{FECC62A1-CABB-4A4D-8D1C-5C32699FB3A2}.Debug|Any CPU.ActiveCfg = Debug|Any CPU
		{FECC62A1-CABB-4A4D-8D1C-5C32699FB3A2}.Debug|Any CPU.Build.0 = Debug|Any CPU
		{FECC62A1-CABB-4A4D-8D1C-5C32699FB3A2}.Release|Any CPU.ActiveCfg = Release|Any CPU
		{FECC62A1-CABB-4A4D-8D1C-5C32699FB3A2}.Release|Any CPU.Build.0 = Release|Any CPU
	EndGlobalSection
	GlobalSection(SolutionProperties) = preSolution
		HideSolutionNode = FALSE
	EndGlobalSection
	GlobalSection(ExtensibilityGlobals) = postSolution
		SolutionGuid = {5AE3F6FC-AC03-4036-90BE-571104D41D39}
	EndGlobalSection
EndGlobal
